// !$*UTF8*$!
{
	archiveVersion = 1;
	classes = {
	};
	objectVersion = 50;
	objects = {

/* Begin PBXBuildFile section */
		0D70889E23FC6F5B00F1266C /* AppDelegate.swift in Sources */ = {isa = PBXBuildFile; fileRef = 0D70889D23FC6F5B00F1266C /* AppDelegate.swift */; };
		0D7088A023FC6F5B00F1266C /* SceneDelegate.swift in Sources */ = {isa = PBXBuildFile; fileRef = 0D70889F23FC6F5B00F1266C /* SceneDelegate.swift */; };
		0D7088A223FC6F5B00F1266C /* ContentView.swift in Sources */ = {isa = PBXBuildFile; fileRef = 0D7088A123FC6F5B00F1266C /* ContentView.swift */; };
		0D7088A423FC6F6200F1266C /* Assets.xcassets in Resources */ = {isa = PBXBuildFile; fileRef = 0D7088A323FC6F6200F1266C /* Assets.xcassets */; };
		0D7088A723FC6F6200F1266C /* Preview Assets.xcassets in Resources */ = {isa = PBXBuildFile; fileRef = 0D7088A623FC6F6200F1266C /* Preview Assets.xcassets */; };
		0D7088AA23FC6F6200F1266C /* LaunchScreen.storyboard in Resources */ = {isa = PBXBuildFile; fileRef = 0D7088A823FC6F6200F1266C /* LaunchScreen.storyboard */; };
		0D7088B523FC6F6200F1266C /* TimerHWTests.swift in Sources */ = {isa = PBXBuildFile; fileRef = 0D7088B423FC6F6200F1266C /* TimerHWTests.swift */; };
		0D7088C023FC6F6200F1266C /* TimerHWUITests.swift in Sources */ = {isa = PBXBuildFile; fileRef = 0D7088BF23FC6F6200F1266C /* TimerHWUITests.swift */; };
		0D7088CE23FC727300F1266C /* TimeDisplay.swift in Sources */ = {isa = PBXBuildFile; fileRef = 0D7088CD23FC727300F1266C /* TimeDisplay.swift */; };
/* End PBXBuildFile section */

/* Begin PBXContainerItemProxy section */
		0D7088B123FC6F6200F1266C /* PBXContainerItemProxy */ = {
			isa = PBXContainerItemProxy;
			containerPortal = 0D70889223FC6F5B00F1266C /* Project object */;
			proxyType = 1;
			remoteGlobalIDString = 0D70889923FC6F5B00F1266C;
			remoteInfo = TimerHW;
		};
		0D7088BC23FC6F6200F1266C /* PBXContainerItemProxy */ = {
			isa = PBXContainerItemProxy;
			containerPortal = 0D70889223FC6F5B00F1266C /* Project object */;
			proxyType = 1;
			remoteGlobalIDString = 0D70889923FC6F5B00F1266C;
			remoteInfo = TimerHW;
		};
/* End PBXContainerItemProxy section */

/* Begin PBXFileReference section */
		0D70889A23FC6F5B00F1266C /* TimerHW.app */ = {isa = PBXFileReference; explicitFileType = wrapper.application; includeInIndex = 0; path = TimerHW.app; sourceTree = BUILT_PRODUCTS_DIR; };
		0D70889D23FC6F5B00F1266C /* AppDelegate.swift */ = {isa = PBXFileReference; lastKnownFileType = sourcecode.swift; path = AppDelegate.swift; sourceTree = "<group>"; };
		0D70889F23FC6F5B00F1266C /* SceneDelegate.swift */ = {isa = PBXFileReference; lastKnownFileType = sourcecode.swift; path = SceneDelegate.swift; sourceTree = "<group>"; };
		0D7088A123FC6F5B00F1266C /* ContentView.swift */ = {isa = PBXFileReference; lastKnownFileType = sourcecode.swift; path = ContentView.swift; sourceTree = "<group>"; };
		0D7088A323FC6F6200F1266C /* Assets.xcassets */ = {isa = PBXFileReference; lastKnownFileType = folder.assetcatalog; path = Assets.xcassets; sourceTree = "<group>"; };
		0D7088A623FC6F6200F1266C /* Preview Assets.xcassets */ = {isa = PBXFileReference; lastKnownFileType = folder.assetcatalog; path = "Preview Assets.xcassets"; sourceTree = "<group>"; };
		0D7088A923FC6F6200F1266C /* Base */ = {isa = PBXFileReference; lastKnownFileType = file.storyboard; name = Base; path = Base.lproj/LaunchScreen.storyboard; sourceTree = "<group>"; };
		0D7088AB23FC6F6200F1266C /* Info.plist */ = {isa = PBXFileReference; lastKnownFileType = text.plist.xml; path = Info.plist; sourceTree = "<group>"; };
		0D7088B023FC6F6200F1266C /* TimerHWTests.xctest */ = {isa = PBXFileReference; explicitFileType = wrapper.cfbundle; includeInIndex = 0; path = TimerHWTests.xctest; sourceTree = BUILT_PRODUCTS_DIR; };
		0D7088B423FC6F6200F1266C /* TimerHWTests.swift */ = {isa = PBXFileReference; lastKnownFileType = sourcecode.swift; path = TimerHWTests.swift; sourceTree = "<group>"; };
		0D7088B623FC6F6200F1266C /* Info.plist */ = {isa = PBXFileReference; lastKnownFileType = text.plist.xml; path = Info.plist; sourceTree = "<group>"; };
		0D7088BB23FC6F6200F1266C /* TimerHWUITests.xctest */ = {isa = PBXFileReference; explicitFileType = wrapper.cfbundle; includeInIndex = 0; path = TimerHWUITests.xctest; sourceTree = BUILT_PRODUCTS_DIR; };
		0D7088BF23FC6F6200F1266C /* TimerHWUITests.swift */ = {isa = PBXFileReference; lastKnownFileType = sourcecode.swift; path = TimerHWUITests.swift; sourceTree = "<group>"; };
		0D7088C123FC6F6200F1266C /* Info.plist */ = {isa = PBXFileReference; lastKnownFileType = text.plist.xml; path = Info.plist; sourceTree = "<group>"; };
		0D7088CD23FC727300F1266C /* TimeDisplay.swift */ = {isa = PBXFileReference; fileEncoding = 4; lastKnownFileType = sourcecode.swift; name = TimeDisplay.swift; path = "../../../Downloads/mobile-lab-timer-kit-master/TimerKit/TimeDisplay.swift"; sourceTree = "<group>"; };
/* End PBXFileReference section */

/* Begin PBXFrameworksBuildPhase section */
		0D70889723FC6F5B00F1266C /* Frameworks */ = {
			isa = PBXFrameworksBuildPhase;
			buildActionMask = 2147483647;
			files = (
			);
			runOnlyForDeploymentPostprocessing = 0;
		};
		0D7088AD23FC6F6200F1266C /* Frameworks */ = {
			isa = PBXFrameworksBuildPhase;
			buildActionMask = 2147483647;
			files = (
			);
			runOnlyForDeploymentPostprocessing = 0;
		};
		0D7088B823FC6F6200F1266C /* Frameworks */ = {
			isa = PBXFrameworksBuildPhase;
			buildActionMask = 2147483647;
			files = (
			);
			runOnlyForDeploymentPostprocessing = 0;
		};
/* End PBXFrameworksBuildPhase section */

/* Begin PBXGroup section */
		0D70889123FC6F5B00F1266C = {
			isa = PBXGroup;
			children = (
				0D70889C23FC6F5B00F1266C /* TimerHW */,
				0D7088B323FC6F6200F1266C /* TimerHWTests */,
				0D7088BE23FC6F6200F1266C /* TimerHWUITests */,
				0D70889B23FC6F5B00F1266C /* Products */,
			);
			sourceTree = "<group>";
		};
		0D70889B23FC6F5B00F1266C /* Products */ = {
			isa = PBXGroup;
			children = (
				0D70889A23FC6F5B00F1266C /* TimerHW.app */,
				0D7088B023FC6F6200F1266C /* TimerHWTests.xctest */,
				0D7088BB23FC6F6200F1266C /* TimerHWUITests.xctest */,
			);
			name = Products;
			sourceTree = "<group>";
		};
		0D70889C23FC6F5B00F1266C /* TimerHW */ = {
			isa = PBXGroup;
			children = (
				0D70889D23FC6F5B00F1266C /* AppDelegate.swift */,
				0D70889F23FC6F5B00F1266C /* SceneDelegate.swift */,
				0D7088A123FC6F5B00F1266C /* ContentView.swift */,
				0D7088CD23FC727300F1266C /* TimeDisplay.swift */,
				0D7088A323FC6F6200F1266C /* Assets.xcassets */,
				0D7088A823FC6F6200F1266C /* LaunchScreen.storyboard */,
				0D7088AB23FC6F6200F1266C /* Info.plist */,
				0D7088A523FC6F6200F1266C /* Preview Content */,
			);
			path = TimerHW;
			sourceTree = "<group>";
		};
		0D7088A523FC6F6200F1266C /* Preview Content */ = {
			isa = PBXGroup;
			children = (
				0D7088A623FC6F6200F1266C /* Preview Assets.xcassets */,
			);
			path = "Preview Content";
			sourceTree = "<group>";
		};
		0D7088B323FC6F6200F1266C /* TimerHWTests */ = {
			isa = PBXGroup;
			children = (
				0D7088B423FC6F6200F1266C /* TimerHWTests.swift */,
				0D7088B623FC6F6200F1266C /* Info.plist */,
			);
			path = TimerHWTests;
			sourceTree = "<group>";
		};
		0D7088BE23FC6F6200F1266C /* TimerHWUITests */ = {
			isa = PBXGroup;
			children = (
				0D7088BF23FC6F6200F1266C /* TimerHWUITests.swift */,
				0D7088C123FC6F6200F1266C /* Info.plist */,
			);
			path = TimerHWUITests;
			sourceTree = "<group>";
		};
/* End PBXGroup section */

/* Begin PBXNativeTarget section */
		0D70889923FC6F5B00F1266C /* TimerHW */ = {
			isa = PBXNativeTarget;
			buildConfigurationList = 0D7088C423FC6F6200F1266C /* Build configuration list for PBXNativeTarget "TimerHW" */;
			buildPhases = (
				0D70889623FC6F5B00F1266C /* Sources */,
				0D70889723FC6F5B00F1266C /* Frameworks */,
				0D70889823FC6F5B00F1266C /* Resources */,
			);
			buildRules = (
			);
			dependencies = (
			);
			name = TimerHW;
			productName = TimerHW;
			productReference = 0D70889A23FC6F5B00F1266C /* TimerHW.app */;
			productType = "com.apple.product-type.application";
		};
		0D7088AF23FC6F6200F1266C /* TimerHWTests */ = {
			isa = PBXNativeTarget;
			buildConfigurationList = 0D7088C723FC6F6200F1266C /* Build configuration list for PBXNativeTarget "TimerHWTests" */;
			buildPhases = (
				0D7088AC23FC6F6200F1266C /* Sources */,
				0D7088AD23FC6F6200F1266C /* Frameworks */,
				0D7088AE23FC6F6200F1266C /* Resources */,
			);
			buildRules = (
			);
			dependencies = (
				0D7088B223FC6F6200F1266C /* PBXTargetDependency */,
			);
			name = TimerHWTests;
			productName = TimerHWTests;
			productReference = 0D7088B023FC6F6200F1266C /* TimerHWTests.xctest */;
			productType = "com.apple.product-type.bundle.unit-test";
		};
		0D7088BA23FC6F6200F1266C /* TimerHWUITests */ = {
			isa = PBXNativeTarget;
			buildConfigurationList = 0D7088CA23FC6F6200F1266C /* Build configuration list for PBXNativeTarget "TimerHWUITests" */;
			buildPhases = (
				0D7088B723FC6F6200F1266C /* Sources */,
				0D7088B823FC6F6200F1266C /* Frameworks */,
				0D7088B923FC6F6200F1266C /* Resources */,
			);
			buildRules = (
			);
			dependencies = (
				0D7088BD23FC6F6200F1266C /* PBXTargetDependency */,
			);
			name = TimerHWUITests;
			productName = TimerHWUITests;
			productReference = 0D7088BB23FC6F6200F1266C /* TimerHWUITests.xctest */;
			productType = "com.apple.product-type.bundle.ui-testing";
		};
/* End PBXNativeTarget section */

/* Begin PBXProject section */
		0D70889223FC6F5B00F1266C /* Project object */ = {
			isa = PBXProject;
			attributes = {
				LastSwiftUpdateCheck = 1130;
				LastUpgradeCheck = 1130;
				ORGANIZATIONNAME = "Raaziq Brown";
				TargetAttributes = {
					0D70889923FC6F5B00F1266C = {
						CreatedOnToolsVersion = 11.3.1;
					};
					0D7088AF23FC6F6200F1266C = {
						CreatedOnToolsVersion = 11.3.1;
						TestTargetID = 0D70889923FC6F5B00F1266C;
					};
					0D7088BA23FC6F6200F1266C = {
						CreatedOnToolsVersion = 11.3.1;
						TestTargetID = 0D70889923FC6F5B00F1266C;
					};
				};
			};
			buildConfigurationList = 0D70889523FC6F5B00F1266C /* Build configuration list for PBXProject "TimerHW" */;
			compatibilityVersion = "Xcode 9.3";
			developmentRegion = en;
			hasScannedForEncodings = 0;
			knownRegions = (
				en,
				Base,
			);
			mainGroup = 0D70889123FC6F5B00F1266C;
			productRefGroup = 0D70889B23FC6F5B00F1266C /* Products */;
			projectDirPath = "";
			projectRoot = "";
			targets = (
				0D70889923FC6F5B00F1266C /* TimerHW */,
				0D7088AF23FC6F6200F1266C /* TimerHWTests */,
				0D7088BA23FC6F6200F1266C /* TimerHWUITests */,
			);
		};
/* End PBXProject section */

/* Begin PBXResourcesBuildPhase section */
		0D70889823FC6F5B00F1266C /* Resources */ = {
			isa = PBXResourcesBuildPhase;
			buildActionMask = 2147483647;
			files = (
				0D7088AA23FC6F6200F1266C /* LaunchScreen.storyboard in Resources */,
				0D7088A723FC6F6200F1266C /* Preview Assets.xcassets in Resources */,
				0D7088A423FC6F6200F1266C /* Assets.xcassets in Resources */,
			);
			runOnlyForDeploymentPostprocessing = 0;
		};
		0D7088AE23FC6F6200F1266C /* Resources */ = {
			isa = PBXResourcesBuildPhase;
			buildActionMask = 2147483647;
			files = (
			);
			runOnlyForDeploymentPostprocessing = 0;
		};
		0D7088B923FC6F6200F1266C /* Resources */ = {
			isa = PBXResourcesBuildPhase;
			buildActionMask = 2147483647;
			files = (
			);
			runOnlyForDeploymentPostprocessing = 0;
		};
/* End PBXResourcesBuildPhase section */

/* Begin PBXSourcesBuildPhase section */
		0D70889623FC6F5B00F1266C /* Sources */ = {
			isa = PBXSourcesBuildPhase;
			buildActionMask = 2147483647;
			files = (
				0D70889E23FC6F5B00F1266C /* AppDelegate.swift in Sources */,
				0D7088CE23FC727300F1266C /* TimeDisplay.swift in Sources */,
				0D7088A023FC6F5B00F1266C /* SceneDelegate.swift in Sources */,
				0D7088A223FC6F5B00F1266C /* ContentView.swift in Sources */,
			);
			runOnlyForDeploymentPostprocessing = 0;
		};
		0D7088AC23FC6F6200F1266C /* Sources */ = {
			isa = PBXSourcesBuildPhase;
			buildActionMask = 2147483647;
			files = (
				0D7088B523FC6F6200F1266C /* TimerHWTests.swift in Sources */,
			);
			runOnlyForDeploymentPostprocessing = 0;
		};
		0D7088B723FC6F6200F1266C /* Sources */ = {
			isa = PBXSourcesBuildPhase;
			buildActionMask = 2147483647;
			files = (
				0D7088C023FC6F6200F1266C /* TimerHWUITests.swift in Sources */,
			);
			runOnlyForDeploymentPostprocessing = 0;
		};
/* End PBXSourcesBuildPhase section */

/* Begin PBXTargetDependency section */
		0D7088B223FC6F6200F1266C /* PBXTargetDependency */ = {
			isa = PBXTargetDependency;
			target = 0D70889923FC6F5B00F1266C /* TimerHW */;
			targetProxy = 0D7088B123FC6F6200F1266C /* PBXContainerItemProxy */;
		};
		0D7088BD23FC6F6200F1266C /* PBXTargetDependency */ = {
			isa = PBXTargetDependency;
			target = 0D70889923FC6F5B00F1266C /* TimerHW */;
			targetProxy = 0D7088BC23FC6F6200F1266C /* PBXContainerItemProxy */;
		};
/* End PBXTargetDependency section */

/* Begin PBXVariantGroup section */
		0D7088A823FC6F6200F1266C /* LaunchScreen.storyboard */ = {
			isa = PBXVariantGroup;
			children = (
				0D7088A923FC6F6200F1266C /* Base */,
			);
			name = LaunchScreen.storyboard;
			sourceTree = "<group>";
		};
/* End PBXVariantGroup section */

/* Begin XCBuildConfiguration section */
		0D7088C223FC6F6200F1266C /* Debug */ = {
			isa = XCBuildConfiguration;
			buildSettings = {
				ALWAYS_SEARCH_USER_PATHS = NO;
				CLANG_ANALYZER_NONNULL = YES;
				CLANG_ANALYZER_NUMBER_OBJECT_CONVERSION = YES_AGGRESSIVE;
				CLANG_CXX_LANGUAGE_STANDARD = "gnu++14";
				CLANG_CXX_LIBRARY = "libc++";
				CLANG_ENABLE_MODULES = YES;
				CLANG_ENABLE_OBJC_ARC = YES;
				CLANG_ENABLE_OBJC_WEAK = YES;
				CLANG_WARN_BLOCK_CAPTURE_AUTORELEASING = YES;
				CLANG_WARN_BOOL_CONVERSION = YES;
				CLANG_WARN_COMMA = YES;
				CLANG_WARN_CONSTANT_CONVERSION = YES;
				CLANG_WARN_DEPRECATED_OBJC_IMPLEMENTATIONS = YES;
				CLANG_WARN_DIRECT_OBJC_ISA_USAGE = YES_ERROR;
				CLANG_WARN_DOCUMENTATION_COMMENTS = YES;
				CLANG_WARN_EMPTY_BODY = YES;
				CLANG_WARN_ENUM_CONVERSION = YES;
				CLANG_WARN_INFINITE_RECURSION = YES;
				CLANG_WARN_INT_CONVERSION = YES;
				CLANG_WARN_NON_LITERAL_NULL_CONVERSION = YES;
				CLANG_WARN_OBJC_IMPLICIT_RETAIN_SELF = YES;
				CLANG_WARN_OBJC_LITERAL_CONVERSION = YES;
				CLANG_WARN_OBJC_ROOT_CLASS = YES_ERROR;
				CLANG_WARN_RANGE_LOOP_ANALYSIS = YES;
				CLANG_WARN_STRICT_PROTOTYPES = YES;
				CLANG_WARN_SUSPICIOUS_MOVE = YES;
				CLANG_WARN_UNGUARDED_AVAILABILITY = YES_AGGRESSIVE;
				CLANG_WARN_UNREACHABLE_CODE = YES;
				CLANG_WARN__DUPLICATE_METHOD_MATCH = YES;
				COPY_PHASE_STRIP = NO;
				DEBUG_INFORMATION_FORMAT = dwarf;
				ENABLE_STRICT_OBJC_MSGSEND = YES;
				ENABLE_TESTABILITY = YES;
				GCC_C_LANGUAGE_STANDARD = gnu11;
				GCC_DYNAMIC_NO_PIC = NO;
				GCC_NO_COMMON_BLOCKS = YES;
				GCC_OPTIMIZATION_LEVEL = 0;
				GCC_PREPROCESSOR_DEFINITIONS = (
					"DEBUG=1",
					"$(inherited)",
				);
				GCC_WARN_64_TO_32_BIT_CONVERSION = YES;
				GCC_WARN_ABOUT_RETURN_TYPE = YES_ERROR;
				GCC_WARN_UNDECLARED_SELECTOR = YES;
				GCC_WARN_UNINITIALIZED_AUTOS = YES_AGGRESSIVE;
				GCC_WARN_UNUSED_FUNCTION = YES;
				GCC_WARN_UNUSED_VARIABLE = YES;
				IPHONEOS_DEPLOYMENT_TARGET = 13.2;
				MTL_ENABLE_DEBUG_INFO = INCLUDE_SOURCE;
				MTL_FAST_MATH = YES;
				ONLY_ACTIVE_ARCH = YES;
				SDKROOT = iphoneos;
				SWIFT_ACTIVE_COMPILATION_CONDITIONS = DEBUG;
				SWIFT_OPTIMIZATION_LEVEL = "-Onone";
			};
			name = Debug;
		};
		0D7088C323FC6F6200F1266C /* Release */ = {
			isa = XCBuildConfiguration;
			buildSettings = {
				ALWAYS_SEARCH_USER_PATHS = NO;
				CLANG_ANALYZER_NONNULL = YES;
				CLANG_ANALYZER_NUMBER_OBJECT_CONVERSION = YES_AGGRESSIVE;
				CLANG_CXX_LANGUAGE_STANDARD = "gnu++14";
				CLANG_CXX_LIBRARY = "libc++";
				CLANG_ENABLE_MODULES = YES;
				CLANG_ENABLE_OBJC_ARC = YES;
				CLANG_ENABLE_OBJC_WEAK = YES;
				CLANG_WARN_BLOCK_CAPTURE_AUTORELEASING = YES;
				CLANG_WARN_BOOL_CONVERSION = YES;
				CLANG_WARN_COMMA = YES;
				CLANG_WARN_CONSTANT_CONVERSION = YES;
				CLANG_WARN_DEPRECATED_OBJC_IMPLEMENTATIONS = YES;
				CLANG_WARN_DIRECT_OBJC_ISA_USAGE = YES_ERROR;
				CLANG_WARN_DOCUMENTATION_COMMENTS = YES;
				CLANG_WARN_EMPTY_BODY = YES;
				CLANG_WARN_ENUM_CONVERSION = YES;
				CLANG_WARN_INFINITE_RECURSION = YES;
				CLANG_WARN_INT_CONVERSION = YES;
				CLANG_WARN_NON_LITERAL_NULL_CONVERSION = YES;
				CLANG_WARN_OBJC_IMPLICIT_RETAIN_SELF = YES;
				CLANG_WARN_OBJC_LITERAL_CONVERSION = YES;
				CLANG_WARN_OBJC_ROOT_CLASS = YES_ERROR;
				CLANG_WARN_RANGE_LOOP_ANALYSIS = YES;
				CLANG_WARN_STRICT_PROTOTYPES = YES;
				CLANG_WARN_SUSPICIOUS_MOVE = YES;
				CLANG_WARN_UNGUARDED_AVAILABILITY = YES_AGGRESSIVE;
				CLANG_WARN_UNREACHABLE_CODE = YES;
				CLANG_WARN__DUPLICATE_METHOD_MATCH = YES;
				COPY_PHASE_STRIP = NO;
				DEBUG_INFORMATION_FORMAT = "dwarf-with-dsym";
				ENABLE_NS_ASSERTIONS = NO;
				ENABLE_STRICT_OBJC_MSGSEND = YES;
				GCC_C_LANGUAGE_STANDARD = gnu11;
				GCC_NO_COMMON_BLOCKS = YES;
				GCC_WARN_64_TO_32_BIT_CONVERSION = YES;
				GCC_WARN_ABOUT_RETURN_TYPE = YES_ERROR;
				GCC_WARN_UNDECLARED_SELECTOR = YES;
				GCC_WARN_UNINITIALIZED_AUTOS = YES_AGGRESSIVE;
				GCC_WARN_UNUSED_FUNCTION = YES;
				GCC_WARN_UNUSED_VARIABLE = YES;
				IPHONEOS_DEPLOYMENT_TARGET = 13.2;
				MTL_ENABLE_DEBUG_INFO = NO;
				MTL_FAST_MATH = YES;
				SDKROOT = iphoneos;
				SWIFT_COMPILATION_MODE = wholemodule;
				SWIFT_OPTIMIZATION_LEVEL = "-O";
				VALIDATE_PRODUCT = YES;
			};
			name = Release;
		};
		0D7088C523FC6F6200F1266C /* Debug */ = {
			isa = XCBuildConfiguration;
			buildSettings = {
				ASSETCATALOG_COMPILER_APPICON_NAME = AppIcon;
				CODE_SIGN_STYLE = Automatic;
				DEVELOPMENT_ASSET_PATHS = "\"TimerHW/Preview Content\"";
				DEVELOPMENT_TEAM = VDCA8GG35L;
				ENABLE_PREVIEWS = YES;
				INFOPLIST_FILE = TimerHW/Info.plist;
				LD_RUNPATH_SEARCH_PATHS = (
					"$(inherited)",
					"@executable_path/Frameworks",
				);
				PRODUCT_BUNDLE_IDENTIFIER = RB.TimerHW;
				PRODUCT_NAME = "$(TARGET_NAME)";
				SWIFT_VERSION = 5.0;
				TARGETED_DEVICE_FAMILY = "1,2";
			};
			name = Debug;
		};
		0D7088C623FC6F6200F1266C /* Release */ = {
			isa = XCBuildConfiguration;
			buildSettings = {
				ASSETCATALOG_COMPILER_APPICON_NAME = AppIcon;
				CODE_SIGN_STYLE = Automatic;
				DEVELOPMENT_ASSET_PATHS = "\"TimerHW/Preview Content\"";
				DEVELOPMENT_TEAM = VDCA8GG35L;
				ENABLE_PREVIEWS = YES;
				INFOPLIST_FILE = TimerHW/Info.plist;
				LD_RUNPATH_SEARCH_PATHS = (
					"$(inherited)",
					"@executable_path/Frameworks",
				);
				PRODUCT_BUNDLE_IDENTIFIER = RB.TimerHW;
				PRODUCT_NAME = "$(TARGET_NAME)";
				SWIFT_VERSION = 5.0;
				TARGETED_DEVICE_FAMILY = "1,2";
			};
			name = Release;
		};
		0D7088C823FC6F6200F1266C /* Debug */ = {
			isa = XCBuildConfiguration;
			buildSettings = {
				ALWAYS_EMBED_SWIFT_STANDARD_LIBRARIES = YES;
				BUNDLE_LOADER = "$(TEST_HOST)";
				CODE_SIGN_STYLE = Automatic;
				DEVELOPMENT_TEAM = VDCA8GG35L;
				INFOPLIST_FILE = TimerHWTests/Info.plist;
				IPHONEOS_DEPLOYMENT_TARGET = 13.2;
				LD_RUNPATH_SEARCH_PATHS = (
					"$(inherited)",
					"@executable_path/Frameworks",
					"@loader_path/Frameworks",
				);
				PRODUCT_BUNDLE_IDENTIFIER = RB.TimerHWTests;
				PRODUCT_NAME = "$(TARGET_NAME)";
				SWIFT_VERSION = 5.0;
				TARGETED_DEVICE_FAMILY = "1,2";
				TEST_HOST = "$(BUILT_PRODUCTS_DIR)/TimerHW.app/TimerHW";
			};
			name = Debug;
		};
		0D7088C923FC6F6200F1266C /* Release */ = {
			isa = XCBuildConfiguration;
			buildSettings = {
				ALWAYS_EMBED_SWIFT_STANDARD_LIBRARIES = YES;
				BUNDLE_LOADER = "$(TEST_HOST)";
				CODE_SIGN_STYLE = Automatic;
				DEVELOPMENT_TEAM = VDCA8GG35L;
				INFOPLIST_FILE = TimerHWTests/Info.plist;
				IPHONEOS_DEPLOYMENT_TARGET = 13.2;
				LD_RUNPATH_SEARCH_PATHS = (
					"$(inherited)",
					"@executable_path/Frameworks",
					"@loader_path/Frameworks",
				);
				PRODUCT_BUNDLE_IDENTIFIER = RB.TimerHWTests;
				PRODUCT_NAME = "$(TARGET_NAME)";
				SWIFT_VERSION = 5.0;
				TARGETED_DEVICE_FAMILY = "1,2";
				TEST_HOST = "$(BUILT_PRODUCTS_DIR)/TimerHW.app/TimerHW";
			};
			name = Release;
		};
		0D7088CB23FC6F6200F1266C /* Debug */ = {
			isa = XCBuildConfiguration;
			buildSettings = {
				ALWAYS_EMBED_SWIFT_STANDARD_LIBRARIES = YES;
				CODE_SIGN_STYLE = Automatic;
				DEVELOPMENT_TEAM = VDCA8GG35L;
				INFOPLIST_FILE = TimerHWUITests/Info.plist;
				LD_RUNPATH_SEARCH_PATHS = (
					"$(inherited)",
					"@executable_path/Frameworks",
					"@loader_path/Frameworks",
				);
				PRODUCT_BUNDLE_IDENTIFIER = RB.TimerHWUITests;
				PRODUCT_NAME = "$(TARGET_NAME)";
				SWIFT_VERSION = 5.0;
				TARGETED_DEVICE_FAMILY = "1,2";
				TEST_TARGET_NAME = TimerHW;
			};
			name = Debug;
		};
		0D7088CC23FC6F6200F1266C /* Release */ = {
			isa = XCBuildConfiguration;
			buildSettings = {
				ALWAYS_EMBED_SWIFT_STANDARD_LIBRARIES = YES;
				CODE_SIGN_STYLE = Automatic;
				DEVELOPMENT_TEAM = VDCA8GG35L;
				INFOPLIST_FILE = TimerHWUITests/Info.plist;
				LD_RUNPATH_SEARCH_PATHS = (
					"$(inherited)",
					"@executable_path/Frameworks",
					"@loader_path/Frameworks",
				);
				PRODUCT_BUNDLE_IDENTIFIER = RB.TimerHWUITests;
				PRODUCT_NAME = "$(TARGET_NAME)";
				SWIFT_VERSION = 5.0;
				TARGETED_DEVICE_FAMILY = "1,2";
				TEST_TARGET_NAME = TimerHW;
			};
			name = Release;
		};
/* End XCBuildConfiguration section */

/* Begin XCConfigurationList section */
		0D70889523FC6F5B00F1266C /* Build configuration list for PBXProject "TimerHW" */ = {
			isa = XCConfigurationList;
			buildConfigurations = (
				0D7088C223FC6F6200F1266C /* Debug */,
				0D7088C323FC6F6200F1266C /* Release */,
			);
			defaultConfigurationIsVisible = 0;
			defaultConfigurationName = Release;
		};
		0D7088C423FC6F6200F1266C /* Build configuration list for PBXNativeTarget "TimerHW" */ = {
			isa = XCConfigurationList;
			buildConfigurations = (
				0D7088C523FC6F6200F1266C /* Debug */,
				0D7088C623FC6F6200F1266C /* Release */,
			);
			defaultConfigurationIsVisible = 0;
			defaultConfigurationName = Release;
		};
		0D7088C723FC6F6200F1266C /* Build configuration list for PBXNativeTarget "TimerHWTests" */ = {
			isa = XCConfigurationList;
			buildConfigurations = (
				0D7088C823FC6F6200F1266C /* Debug */,
				0D7088C923FC6F6200F1266C /* Release */,
			);
			defaultConfigurationIsVisible = 0;
			defaultConfigurationName = Release;
		};
		0D7088CA23FC6F6200F1266C /* Build configuration list for PBXNativeTarget "TimerHWUITests" */ = {
			isa = XCConfigurationList;
			buildConfigurations = (
				0D7088CB23FC6F6200F1266C /* Debug */,
				0D7088CC23FC6F6200F1266C /* Release */,
			);
			defaultConfigurationIsVisible = 0;
			defaultConfigurationName = Release;
		};
/* End XCConfigurationList section */
	};
	rootObject = 0D70889223FC6F5B00F1266C /* Project object */;
}
