// !$*UTF8*$!
{
	archiveVersion = 1;
	classes = {
	};
	objectVersion = 50;
	objects = {

/* Begin PBXBuildFile section */
		0D85ABD523ECF4E500F0F93C /* AppDelegate.swift in Sources */ = {isa = PBXBuildFile; fileRef = 0D85ABD423ECF4E500F0F93C /* AppDelegate.swift */; };
		0D85ABD723ECF4E500F0F93C /* SceneDelegate.swift in Sources */ = {isa = PBXBuildFile; fileRef = 0D85ABD623ECF4E500F0F93C /* SceneDelegate.swift */; };
		0D85ABD923ECF4E500F0F93C /* ContentView.swift in Sources */ = {isa = PBXBuildFile; fileRef = 0D85ABD823ECF4E500F0F93C /* ContentView.swift */; };
		0D85ABDB23ECF4E800F0F93C /* Assets.xcassets in Resources */ = {isa = PBXBuildFile; fileRef = 0D85ABDA23ECF4E800F0F93C /* Assets.xcassets */; };
		0D85ABDE23ECF4E800F0F93C /* Preview Assets.xcassets in Resources */ = {isa = PBXBuildFile; fileRef = 0D85ABDD23ECF4E800F0F93C /* Preview Assets.xcassets */; };
		0D85ABE123ECF4E800F0F93C /* LaunchScreen.storyboard in Resources */ = {isa = PBXBuildFile; fileRef = 0D85ABDF23ECF4E800F0F93C /* LaunchScreen.storyboard */; };
		0D85ABEC23ECF4E800F0F93C /* PosterTests.swift in Sources */ = {isa = PBXBuildFile; fileRef = 0D85ABEB23ECF4E800F0F93C /* PosterTests.swift */; };
		0D85ABF723ECF4E800F0F93C /* PosterUITests.swift in Sources */ = {isa = PBXBuildFile; fileRef = 0D85ABF623ECF4E800F0F93C /* PosterUITests.swift */; };
/* End PBXBuildFile section */

/* Begin PBXContainerItemProxy section */
		0D85ABE823ECF4E800F0F93C /* PBXContainerItemProxy */ = {
			isa = PBXContainerItemProxy;
			containerPortal = 0D85ABC923ECF4E500F0F93C /* Project object */;
			proxyType = 1;
			remoteGlobalIDString = 0D85ABD023ECF4E500F0F93C;
			remoteInfo = Poster;
		};
		0D85ABF323ECF4E800F0F93C /* PBXContainerItemProxy */ = {
			isa = PBXContainerItemProxy;
			containerPortal = 0D85ABC923ECF4E500F0F93C /* Project object */;
			proxyType = 1;
			remoteGlobalIDString = 0D85ABD023ECF4E500F0F93C;
			remoteInfo = Poster;
		};
/* End PBXContainerItemProxy section */

/* Begin PBXFileReference section */
		0D85ABD123ECF4E500F0F93C /* Poster.app */ = {isa = PBXFileReference; explicitFileType = wrapper.application; includeInIndex = 0; path = Poster.app; sourceTree = BUILT_PRODUCTS_DIR; };
		0D85ABD423ECF4E500F0F93C /* AppDelegate.swift */ = {isa = PBXFileReference; lastKnownFileType = sourcecode.swift; path = AppDelegate.swift; sourceTree = "<group>"; };
		0D85ABD623ECF4E500F0F93C /* SceneDelegate.swift */ = {isa = PBXFileReference; lastKnownFileType = sourcecode.swift; path = SceneDelegate.swift; sourceTree = "<group>"; };
		0D85ABD823ECF4E500F0F93C /* ContentView.swift */ = {isa = PBXFileReference; lastKnownFileType = sourcecode.swift; path = ContentView.swift; sourceTree = "<group>"; };
		0D85ABDA23ECF4E800F0F93C /* Assets.xcassets */ = {isa = PBXFileReference; lastKnownFileType = folder.assetcatalog; path = Assets.xcassets; sourceTree = "<group>"; };
		0D85ABDD23ECF4E800F0F93C /* Preview Assets.xcassets */ = {isa = PBXFileReference; lastKnownFileType = folder.assetcatalog; path = "Preview Assets.xcassets"; sourceTree = "<group>"; };
		0D85ABE023ECF4E800F0F93C /* Base */ = {isa = PBXFileReference; lastKnownFileType = file.storyboard; name = Base; path = Base.lproj/LaunchScreen.storyboard; sourceTree = "<group>"; };
		0D85ABE223ECF4E800F0F93C /* Info.plist */ = {isa = PBXFileReference; lastKnownFileType = text.plist.xml; path = Info.plist; sourceTree = "<group>"; };
		0D85ABE723ECF4E800F0F93C /* PosterTests.xctest */ = {isa = PBXFileReference; explicitFileType = wrapper.cfbundle; includeInIndex = 0; path = PosterTests.xctest; sourceTree = BUILT_PRODUCTS_DIR; };
		0D85ABEB23ECF4E800F0F93C /* PosterTests.swift */ = {isa = PBXFileReference; lastKnownFileType = sourcecode.swift; path = PosterTests.swift; sourceTree = "<group>"; };
		0D85ABED23ECF4E800F0F93C /* Info.plist */ = {isa = PBXFileReference; lastKnownFileType = text.plist.xml; path = Info.plist; sourceTree = "<group>"; };
		0D85ABF223ECF4E800F0F93C /* PosterUITests.xctest */ = {isa = PBXFileReference; explicitFileType = wrapper.cfbundle; includeInIndex = 0; path = PosterUITests.xctest; sourceTree = BUILT_PRODUCTS_DIR; };
		0D85ABF623ECF4E800F0F93C /* PosterUITests.swift */ = {isa = PBXFileReference; lastKnownFileType = sourcecode.swift; path = PosterUITests.swift; sourceTree = "<group>"; };
		0D85ABF823ECF4E800F0F93C /* Info.plist */ = {isa = PBXFileReference; lastKnownFileType = text.plist.xml; path = Info.plist; sourceTree = "<group>"; };
/* End PBXFileReference section */

/* Begin PBXFrameworksBuildPhase section */
		0D85ABCE23ECF4E500F0F93C /* Frameworks */ = {
			isa = PBXFrameworksBuildPhase;
			buildActionMask = 2147483647;
			files = (
			);
			runOnlyForDeploymentPostprocessing = 0;
		};
		0D85ABE423ECF4E800F0F93C /* Frameworks */ = {
			isa = PBXFrameworksBuildPhase;
			buildActionMask = 2147483647;
			files = (
			);
			runOnlyForDeploymentPostprocessing = 0;
		};
		0D85ABEF23ECF4E800F0F93C /* Frameworks */ = {
			isa = PBXFrameworksBuildPhase;
			buildActionMask = 2147483647;
			files = (
			);
			runOnlyForDeploymentPostprocessing = 0;
		};
/* End PBXFrameworksBuildPhase section */

/* Begin PBXGroup section */
		0D85ABC823ECF4E500F0F93C = {
			isa = PBXGroup;
			children = (
				0D85ABD323ECF4E500F0F93C /* Poster */,
				0D85ABEA23ECF4E800F0F93C /* PosterTests */,
				0D85ABF523ECF4E800F0F93C /* PosterUITests */,
				0D85ABD223ECF4E500F0F93C /* Products */,
			);
			sourceTree = "<group>";
		};
		0D85ABD223ECF4E500F0F93C /* Products */ = {
			isa = PBXGroup;
			children = (
				0D85ABD123ECF4E500F0F93C /* Poster.app */,
				0D85ABE723ECF4E800F0F93C /* PosterTests.xctest */,
				0D85ABF223ECF4E800F0F93C /* PosterUITests.xctest */,
			);
			name = Products;
			sourceTree = "<group>";
		};
		0D85ABD323ECF4E500F0F93C /* Poster */ = {
			isa = PBXGroup;
			children = (
				0D85ABD423ECF4E500F0F93C /* AppDelegate.swift */,
				0D85ABD623ECF4E500F0F93C /* SceneDelegate.swift */,
				0D85ABD823ECF4E500F0F93C /* ContentView.swift */,
				0D85ABDA23ECF4E800F0F93C /* Assets.xcassets */,
				0D85ABDF23ECF4E800F0F93C /* LaunchScreen.storyboard */,
				0D85ABE223ECF4E800F0F93C /* Info.plist */,
				0D85ABDC23ECF4E800F0F93C /* Preview Content */,
			);
			path = Poster;
			sourceTree = "<group>";
		};
		0D85ABDC23ECF4E800F0F93C /* Preview Content */ = {
			isa = PBXGroup;
			children = (
				0D85ABDD23ECF4E800F0F93C /* Preview Assets.xcassets */,
			);
			path = "Preview Content";
			sourceTree = "<group>";
		};
		0D85ABEA23ECF4E800F0F93C /* PosterTests */ = {
			isa = PBXGroup;
			children = (
				0D85ABEB23ECF4E800F0F93C /* PosterTests.swift */,
				0D85ABED23ECF4E800F0F93C /* Info.plist */,
			);
			path = PosterTests;
			sourceTree = "<group>";
		};
		0D85ABF523ECF4E800F0F93C /* PosterUITests */ = {
			isa = PBXGroup;
			children = (
				0D85ABF623ECF4E800F0F93C /* PosterUITests.swift */,
				0D85ABF823ECF4E800F0F93C /* Info.plist */,
			);
			path = PosterUITests;
			sourceTree = "<group>";
		};
/* End PBXGroup section */

/* Begin PBXNativeTarget section */
		0D85ABD023ECF4E500F0F93C /* Poster */ = {
			isa = PBXNativeTarget;
			buildConfigurationList = 0D85ABFB23ECF4E800F0F93C /* Build configuration list for PBXNativeTarget "Poster" */;
			buildPhases = (
				0D85ABCD23ECF4E500F0F93C /* Sources */,
				0D85ABCE23ECF4E500F0F93C /* Frameworks */,
				0D85ABCF23ECF4E500F0F93C /* Resources */,
			);
			buildRules = (
			);
			dependencies = (
			);
			name = Poster;
			productName = Poster;
			productReference = 0D85ABD123ECF4E500F0F93C /* Poster.app */;
			productType = "com.apple.product-type.application";
		};
		0D85ABE623ECF4E800F0F93C /* PosterTests */ = {
			isa = PBXNativeTarget;
			buildConfigurationList = 0D85ABFE23ECF4E800F0F93C /* Build configuration list for PBXNativeTarget "PosterTests" */;
			buildPhases = (
				0D85ABE323ECF4E800F0F93C /* Sources */,
				0D85ABE423ECF4E800F0F93C /* Frameworks */,
				0D85ABE523ECF4E800F0F93C /* Resources */,
			);
			buildRules = (
			);
			dependencies = (
				0D85ABE923ECF4E800F0F93C /* PBXTargetDependency */,
			);
			name = PosterTests;
			productName = PosterTests;
			productReference = 0D85ABE723ECF4E800F0F93C /* PosterTests.xctest */;
			productType = "com.apple.product-type.bundle.unit-test";
		};
		0D85ABF123ECF4E800F0F93C /* PosterUITests */ = {
			isa = PBXNativeTarget;
			buildConfigurationList = 0D85AC0123ECF4E800F0F93C /* Build configuration list for PBXNativeTarget "PosterUITests" */;
			buildPhases = (
				0D85ABEE23ECF4E800F0F93C /* Sources */,
				0D85ABEF23ECF4E800F0F93C /* Frameworks */,
				0D85ABF023ECF4E800F0F93C /* Resources */,
			);
			buildRules = (
			);
			dependencies = (
				0D85ABF423ECF4E800F0F93C /* PBXTargetDependency */,
			);
			name = PosterUITests;
			productName = PosterUITests;
			productReference = 0D85ABF223ECF4E800F0F93C /* PosterUITests.xctest */;
			productType = "com.apple.product-type.bundle.ui-testing";
		};
/* End PBXNativeTarget section */

/* Begin PBXProject section */
		0D85ABC923ECF4E500F0F93C /* Project object */ = {
			isa = PBXProject;
			attributes = {
				LastSwiftUpdateCheck = 1130;
				LastUpgradeCheck = 1130;
				ORGANIZATIONNAME = "Raaziq Brown";
				TargetAttributes = {
					0D85ABD023ECF4E500F0F93C = {
						CreatedOnToolsVersion = 11.3.1;
					};
					0D85ABE623ECF4E800F0F93C = {
						CreatedOnToolsVersion = 11.3.1;
						TestTargetID = 0D85ABD023ECF4E500F0F93C;
					};
					0D85ABF123ECF4E800F0F93C = {
						CreatedOnToolsVersion = 11.3.1;
						TestTargetID = 0D85ABD023ECF4E500F0F93C;
					};
				};
			};
			buildConfigurationList = 0D85ABCC23ECF4E500F0F93C /* Build configuration list for PBXProject "Poster" */;
			compatibilityVersion = "Xcode 9.3";
			developmentRegion = en;
			hasScannedForEncodings = 0;
			knownRegions = (
				en,
				Base,
			);
			mainGroup = 0D85ABC823ECF4E500F0F93C;
			productRefGroup = 0D85ABD223ECF4E500F0F93C /* Products */;
			projectDirPath = "";
			projectRoot = "";
			targets = (
				0D85ABD023ECF4E500F0F93C /* Poster */,
				0D85ABE623ECF4E800F0F93C /* PosterTests */,
				0D85ABF123ECF4E800F0F93C /* PosterUITests */,
			);
		};
/* End PBXProject section */

/* Begin PBXResourcesBuildPhase section */
		0D85ABCF23ECF4E500F0F93C /* Resources */ = {
			isa = PBXResourcesBuildPhase;
			buildActionMask = 2147483647;
			files = (
				0D85ABE123ECF4E800F0F93C /* LaunchScreen.storyboard in Resources */,
				0D85ABDE23ECF4E800F0F93C /* Preview Assets.xcassets in Resources */,
				0D85ABDB23ECF4E800F0F93C /* Assets.xcassets in Resources */,
			);
			runOnlyForDeploymentPostprocessing = 0;
		};
		0D85ABE523ECF4E800F0F93C /* Resources */ = {
			isa = PBXResourcesBuildPhase;
			buildActionMask = 2147483647;
			files = (
			);
			runOnlyForDeploymentPostprocessing = 0;
		};
		0D85ABF023ECF4E800F0F93C /* Resources */ = {
			isa = PBXResourcesBuildPhase;
			buildActionMask = 2147483647;
			files = (
			);
			runOnlyForDeploymentPostprocessing = 0;
		};
/* End PBXResourcesBuildPhase section */

/* Begin PBXSourcesBuildPhase section */
		0D85ABCD23ECF4E500F0F93C /* Sources */ = {
			isa = PBXSourcesBuildPhase;
			buildActionMask = 2147483647;
			files = (
				0D85ABD523ECF4E500F0F93C /* AppDelegate.swift in Sources */,
				0D85ABD723ECF4E500F0F93C /* SceneDelegate.swift in Sources */,
				0D85ABD923ECF4E500F0F93C /* ContentView.swift in Sources */,
			);
			runOnlyForDeploymentPostprocessing = 0;
		};
		0D85ABE323ECF4E800F0F93C /* Sources */ = {
			isa = PBXSourcesBuildPhase;
			buildActionMask = 2147483647;
			files = (
				0D85ABEC23ECF4E800F0F93C /* PosterTests.swift in Sources */,
			);
			runOnlyForDeploymentPostprocessing = 0;
		};
		0D85ABEE23ECF4E800F0F93C /* Sources */ = {
			isa = PBXSourcesBuildPhase;
			buildActionMask = 2147483647;
			files = (
				0D85ABF723ECF4E800F0F93C /* PosterUITests.swift in Sources */,
			);
			runOnlyForDeploymentPostprocessing = 0;
		};
/* End PBXSourcesBuildPhase section */

/* Begin PBXTargetDependency section */
		0D85ABE923ECF4E800F0F93C /* PBXTargetDependency */ = {
			isa = PBXTargetDependency;
			target = 0D85ABD023ECF4E500F0F93C /* Poster */;
			targetProxy = 0D85ABE823ECF4E800F0F93C /* PBXContainerItemProxy */;
		};
		0D85ABF423ECF4E800F0F93C /* PBXTargetDependency */ = {
			isa = PBXTargetDependency;
			target = 0D85ABD023ECF4E500F0F93C /* Poster */;
			targetProxy = 0D85ABF323ECF4E800F0F93C /* PBXContainerItemProxy */;
		};
/* End PBXTargetDependency section */

/* Begin PBXVariantGroup section */
		0D85ABDF23ECF4E800F0F93C /* LaunchScreen.storyboard */ = {
			isa = PBXVariantGroup;
			children = (
				0D85ABE023ECF4E800F0F93C /* Base */,
			);
			name = LaunchScreen.storyboard;
			sourceTree = "<group>";
		};
/* End PBXVariantGroup section */

/* Begin XCBuildConfiguration section */
		0D85ABF923ECF4E800F0F93C /* Debug */ = {
			isa = XCBuildConfiguration;
			buildSettings = {
				ALWAYS_SEARCH_USER_PATHS = NO;
				CLANG_ANALYZER_NONNULL = YES;
				CLANG_ANALYZER_NUMBER_OBJECT_CONVERSION = YES_AGGRESSIVE;
				CLANG_CXX_LANGUAGE_STANDARD = "gnu++14";
				CLANG_CXX_LIBRARY = "libc++";
				CLANG_ENABLE_MODULES = YES;
				CLANG_ENABLE_OBJC_ARC = YES;
				CLANG_ENABLE_OBJC_WEAK = YES;
				CLANG_WARN_BLOCK_CAPTURE_AUTORELEASING = YES;
				CLANG_WARN_BOOL_CONVERSION = YES;
				CLANG_WARN_COMMA = YES;
				CLANG_WARN_CONSTANT_CONVERSION = YES;
				CLANG_WARN_DEPRECATED_OBJC_IMPLEMENTATIONS = YES;
				CLANG_WARN_DIRECT_OBJC_ISA_USAGE = YES_ERROR;
				CLANG_WARN_DOCUMENTATION_COMMENTS = YES;
				CLANG_WARN_EMPTY_BODY = YES;
				CLANG_WARN_ENUM_CONVERSION = YES;
				CLANG_WARN_INFINITE_RECURSION = YES;
				CLANG_WARN_INT_CONVERSION = YES;
				CLANG_WARN_NON_LITERAL_NULL_CONVERSION = YES;
				CLANG_WARN_OBJC_IMPLICIT_RETAIN_SELF = YES;
				CLANG_WARN_OBJC_LITERAL_CONVERSION = YES;
				CLANG_WARN_OBJC_ROOT_CLASS = YES_ERROR;
				CLANG_WARN_RANGE_LOOP_ANALYSIS = YES;
				CLANG_WARN_STRICT_PROTOTYPES = YES;
				CLANG_WARN_SUSPICIOUS_MOVE = YES;
				CLANG_WARN_UNGUARDED_AVAILABILITY = YES_AGGRESSIVE;
				CLANG_WARN_UNREACHABLE_CODE = YES;
				CLANG_WARN__DUPLICATE_METHOD_MATCH = YES;
				COPY_PHASE_STRIP = NO;
				DEBUG_INFORMATION_FORMAT = dwarf;
				ENABLE_STRICT_OBJC_MSGSEND = YES;
				ENABLE_TESTABILITY = YES;
				GCC_C_LANGUAGE_STANDARD = gnu11;
				GCC_DYNAMIC_NO_PIC = NO;
				GCC_NO_COMMON_BLOCKS = YES;
				GCC_OPTIMIZATION_LEVEL = 0;
				GCC_PREPROCESSOR_DEFINITIONS = (
					"DEBUG=1",
					"$(inherited)",
				);
				GCC_WARN_64_TO_32_BIT_CONVERSION = YES;
				GCC_WARN_ABOUT_RETURN_TYPE = YES_ERROR;
				GCC_WARN_UNDECLARED_SELECTOR = YES;
				GCC_WARN_UNINITIALIZED_AUTOS = YES_AGGRESSIVE;
				GCC_WARN_UNUSED_FUNCTION = YES;
				GCC_WARN_UNUSED_VARIABLE = YES;
				IPHONEOS_DEPLOYMENT_TARGET = 13.2;
				MTL_ENABLE_DEBUG_INFO = INCLUDE_SOURCE;
				MTL_FAST_MATH = YES;
				ONLY_ACTIVE_ARCH = YES;
				SDKROOT = iphoneos;
				SWIFT_ACTIVE_COMPILATION_CONDITIONS = DEBUG;
				SWIFT_OPTIMIZATION_LEVEL = "-Onone";
			};
			name = Debug;
		};
		0D85ABFA23ECF4E800F0F93C /* Release */ = {
			isa = XCBuildConfiguration;
			buildSettings = {
				ALWAYS_SEARCH_USER_PATHS = NO;
				CLANG_ANALYZER_NONNULL = YES;
				CLANG_ANALYZER_NUMBER_OBJECT_CONVERSION = YES_AGGRESSIVE;
				CLANG_CXX_LANGUAGE_STANDARD = "gnu++14";
				CLANG_CXX_LIBRARY = "libc++";
				CLANG_ENABLE_MODULES = YES;
				CLANG_ENABLE_OBJC_ARC = YES;
				CLANG_ENABLE_OBJC_WEAK = YES;
				CLANG_WARN_BLOCK_CAPTURE_AUTORELEASING = YES;
				CLANG_WARN_BOOL_CONVERSION = YES;
				CLANG_WARN_COMMA = YES;
				CLANG_WARN_CONSTANT_CONVERSION = YES;
				CLANG_WARN_DEPRECATED_OBJC_IMPLEMENTATIONS = YES;
				CLANG_WARN_DIRECT_OBJC_ISA_USAGE = YES_ERROR;
				CLANG_WARN_DOCUMENTATION_COMMENTS = YES;
				CLANG_WARN_EMPTY_BODY = YES;
				CLANG_WARN_ENUM_CONVERSION = YES;
				CLANG_WARN_INFINITE_RECURSION = YES;
				CLANG_WARN_INT_CONVERSION = YES;
				CLANG_WARN_NON_LITERAL_NULL_CONVERSION = YES;
				CLANG_WARN_OBJC_IMPLICIT_RETAIN_SELF = YES;
				CLANG_WARN_OBJC_LITERAL_CONVERSION = YES;
				CLANG_WARN_OBJC_ROOT_CLASS = YES_ERROR;
				CLANG_WARN_RANGE_LOOP_ANALYSIS = YES;
				CLANG_WARN_STRICT_PROTOTYPES = YES;
				CLANG_WARN_SUSPICIOUS_MOVE = YES;
				CLANG_WARN_UNGUARDED_AVAILABILITY = YES_AGGRESSIVE;
				CLANG_WARN_UNREACHABLE_CODE = YES;
				CLANG_WARN__DUPLICATE_METHOD_MATCH = YES;
				COPY_PHASE_STRIP = NO;
				DEBUG_INFORMATION_FORMAT = "dwarf-with-dsym";
				ENABLE_NS_ASSERTIONS = NO;
				ENABLE_STRICT_OBJC_MSGSEND = YES;
				GCC_C_LANGUAGE_STANDARD = gnu11;
				GCC_NO_COMMON_BLOCKS = YES;
				GCC_WARN_64_TO_32_BIT_CONVERSION = YES;
				GCC_WARN_ABOUT_RETURN_TYPE = YES_ERROR;
				GCC_WARN_UNDECLARED_SELECTOR = YES;
				GCC_WARN_UNINITIALIZED_AUTOS = YES_AGGRESSIVE;
				GCC_WARN_UNUSED_FUNCTION = YES;
				GCC_WARN_UNUSED_VARIABLE = YES;
				IPHONEOS_DEPLOYMENT_TARGET = 13.2;
				MTL_ENABLE_DEBUG_INFO = NO;
				MTL_FAST_MATH = YES;
				SDKROOT = iphoneos;
				SWIFT_COMPILATION_MODE = wholemodule;
				SWIFT_OPTIMIZATION_LEVEL = "-O";
				VALIDATE_PRODUCT = YES;
			};
			name = Release;
		};
		0D85ABFC23ECF4E800F0F93C /* Debug */ = {
			isa = XCBuildConfiguration;
			buildSettings = {
				ASSETCATALOG_COMPILER_APPICON_NAME = AppIcon;
				CODE_SIGN_STYLE = Automatic;
				DEVELOPMENT_ASSET_PATHS = "\"Poster/Preview Content\"";
				DEVELOPMENT_TEAM = VDCA8GG35L;
				ENABLE_PREVIEWS = YES;
				INFOPLIST_FILE = Poster/Info.plist;
				LD_RUNPATH_SEARCH_PATHS = (
					"$(inherited)",
					"@executable_path/Frameworks",
				);
				PRODUCT_BUNDLE_IDENTIFIER = RB.Poster;
				PRODUCT_NAME = "$(TARGET_NAME)";
				SWIFT_VERSION = 5.0;
				TARGETED_DEVICE_FAMILY = "1,2";
			};
			name = Debug;
		};
		0D85ABFD23ECF4E800F0F93C /* Release */ = {
			isa = XCBuildConfiguration;
			buildSettings = {
				ASSETCATALOG_COMPILER_APPICON_NAME = AppIcon;
				CODE_SIGN_STYLE = Automatic;
				DEVELOPMENT_ASSET_PATHS = "\"Poster/Preview Content\"";
				DEVELOPMENT_TEAM = VDCA8GG35L;
				ENABLE_PREVIEWS = YES;
				INFOPLIST_FILE = Poster/Info.plist;
				LD_RUNPATH_SEARCH_PATHS = (
					"$(inherited)",
					"@executable_path/Frameworks",
				);
				PRODUCT_BUNDLE_IDENTIFIER = RB.Poster;
				PRODUCT_NAME = "$(TARGET_NAME)";
				SWIFT_VERSION = 5.0;
				TARGETED_DEVICE_FAMILY = "1,2";
			};
			name = Release;
		};
		0D85ABFF23ECF4E800F0F93C /* Debug */ = {
			isa = XCBuildConfiguration;
			buildSettings = {
				ALWAYS_EMBED_SWIFT_STANDARD_LIBRARIES = YES;
				BUNDLE_LOADER = "$(TEST_HOST)";
				CODE_SIGN_STYLE = Automatic;
				DEVELOPMENT_TEAM = VDCA8GG35L;
				INFOPLIST_FILE = PosterTests/Info.plist;
				IPHONEOS_DEPLOYMENT_TARGET = 13.2;
				LD_RUNPATH_SEARCH_PATHS = (
					"$(inherited)",
					"@executable_path/Frameworks",
					"@loader_path/Frameworks",
				);
				PRODUCT_BUNDLE_IDENTIFIER = RB.PosterTests;
				PRODUCT_NAME = "$(TARGET_NAME)";
				SWIFT_VERSION = 5.0;
				TARGETED_DEVICE_FAMILY = "1,2";
				TEST_HOST = "$(BUILT_PRODUCTS_DIR)/Poster.app/Poster";
			};
			name = Debug;
		};
		0D85AC0023ECF4E800F0F93C /* Release */ = {
			isa = XCBuildConfiguration;
			buildSettings = {
				ALWAYS_EMBED_SWIFT_STANDARD_LIBRARIES = YES;
				BUNDLE_LOADER = "$(TEST_HOST)";
				CODE_SIGN_STYLE = Automatic;
				DEVELOPMENT_TEAM = VDCA8GG35L;
				INFOPLIST_FILE = PosterTests/Info.plist;
				IPHONEOS_DEPLOYMENT_TARGET = 13.2;
				LD_RUNPATH_SEARCH_PATHS = (
					"$(inherited)",
					"@executable_path/Frameworks",
					"@loader_path/Frameworks",
				);
				PRODUCT_BUNDLE_IDENTIFIER = RB.PosterTests;
				PRODUCT_NAME = "$(TARGET_NAME)";
				SWIFT_VERSION = 5.0;
				TARGETED_DEVICE_FAMILY = "1,2";
				TEST_HOST = "$(BUILT_PRODUCTS_DIR)/Poster.app/Poster";
			};
			name = Release;
		};
		0D85AC0223ECF4E800F0F93C /* Debug */ = {
			isa = XCBuildConfiguration;
			buildSettings = {
				ALWAYS_EMBED_SWIFT_STANDARD_LIBRARIES = YES;
				CODE_SIGN_STYLE = Automatic;
				DEVELOPMENT_TEAM = VDCA8GG35L;
				INFOPLIST_FILE = PosterUITests/Info.plist;
				LD_RUNPATH_SEARCH_PATHS = (
					"$(inherited)",
					"@executable_path/Frameworks",
					"@loader_path/Frameworks",
				);
				PRODUCT_BUNDLE_IDENTIFIER = RB.PosterUITests;
				PRODUCT_NAME = "$(TARGET_NAME)";
				SWIFT_VERSION = 5.0;
				TARGETED_DEVICE_FAMILY = "1,2";
				TEST_TARGET_NAME = Poster;
			};
			name = Debug;
		};
		0D85AC0323ECF4E800F0F93C /* Release */ = {
			isa = XCBuildConfiguration;
			buildSettings = {
				ALWAYS_EMBED_SWIFT_STANDARD_LIBRARIES = YES;
				CODE_SIGN_STYLE = Automatic;
				DEVELOPMENT_TEAM = VDCA8GG35L;
				INFOPLIST_FILE = PosterUITests/Info.plist;
				LD_RUNPATH_SEARCH_PATHS = (
					"$(inherited)",
					"@executable_path/Frameworks",
					"@loader_path/Frameworks",
				);
				PRODUCT_BUNDLE_IDENTIFIER = RB.PosterUITests;
				PRODUCT_NAME = "$(TARGET_NAME)";
				SWIFT_VERSION = 5.0;
				TARGETED_DEVICE_FAMILY = "1,2";
				TEST_TARGET_NAME = Poster;
			};
			name = Release;
		};
/* End XCBuildConfiguration section */

/* Begin XCConfigurationList section */
		0D85ABCC23ECF4E500F0F93C /* Build configuration list for PBXProject "Poster" */ = {
			isa = XCConfigurationList;
			buildConfigurations = (
				0D85ABF923ECF4E800F0F93C /* Debug */,
				0D85ABFA23ECF4E800F0F93C /* Release */,
			);
			defaultConfigurationIsVisible = 0;
			defaultConfigurationName = Release;
		};
		0D85ABFB23ECF4E800F0F93C /* Build configuration list for PBXNativeTarget "Poster" */ = {
			isa = XCConfigurationList;
			buildConfigurations = (
				0D85ABFC23ECF4E800F0F93C /* Debug */,
				0D85ABFD23ECF4E800F0F93C /* Release */,
			);
			defaultConfigurationIsVisible = 0;
			defaultConfigurationName = Release;
		};
		0D85ABFE23ECF4E800F0F93C /* Build configuration list for PBXNativeTarget "PosterTests" */ = {
			isa = XCConfigurationList;
			buildConfigurations = (
				0D85ABFF23ECF4E800F0F93C /* Debug */,
				0D85AC0023ECF4E800F0F93C /* Release */,
			);
			defaultConfigurationIsVisible = 0;
			defaultConfigurationName = Release;
		};
		0D85AC0123ECF4E800F0F93C /* Build configuration list for PBXNativeTarget "PosterUITests" */ = {
			isa = XCConfigurationList;
			buildConfigurations = (
				0D85AC0223ECF4E800F0F93C /* Debug */,
				0D85AC0323ECF4E800F0F93C /* Release */,
			);
			defaultConfigurationIsVisible = 0;
			defaultConfigurationName = Release;
		};
/* End XCConfigurationList section */
	};
	rootObject = 0D85ABC923ECF4E500F0F93C /* Project object */;
}
